# Generated by buf. DO NOT EDIT.
version: v1
deps:
  - remote: buf.build
    owner: erdaniels
    repository: gostream
    commit: 99544b68ab15405ab7eef404997d9cf4
  - remote: buf.build
    owner: googleapis
    repository: googleapis
    commit: a821d6d6abbe4b439907ff7970459941
  - remote: buf.build
    owner: viamrobotics
    repository: goutils
    commit: bd28f6ae650a45ccb1c4476e628f9300
  - remote: buf.build
    owner: viamrobotics
    repository: rdk
    commit: 76b32384949946f1a1b2414c4dfa077a
